{
  "name": "payload-game",
  "version": "1.0.0",
  "lockfileVersion": 3,
  "requires": true,
  "packages": {
    "": {
      "name": "payload-game",
      "version": "1.0.0",
      "license": "ISC",
      "dependencies": {
        "@hytopia.com/assets": "latest",
        "hytopia": "latest"
      }
    },
    "node_modules/@hytopia.com/assets": {
      "version": "0.1.7",
      "resolved": "https://registry.npmjs.org/@hytopia.com/assets/-/assets-0.1.7.tgz",
      "integrity": "sha512-gC113cIIVKp97cDX3u9n3ats8qS1kuaKPStQXOf1wNxuRs36yBvHM8NJWArfzzk8SG3ilfSZtc7qMYHod2ngcg=="
    },
    "node_modules/hytopia": {
      "version": "0.1.81",
      "resolved": "https://registry.npmjs.org/hytopia/-/hytopia-0.1.81.tgz",
      "integrity": "sha512-F7oKIt/3iPwWdrbgycyZ/t7+SrgOOmS4CvmDFiQYDsk+6cILIadBkq/H4M/YpxL3iqqvZVHFDv13tybM+zolZw==",
      "bin": {
        "hytopia": "bin/scripts.js"
      }
    }
  }
}
